
Microsoft Visual Studio Solution File, Format Version 12.00
Project("{FAE04EC0-301F-11D3-BF4B-00C04F79EFBC}") = "Khalid.Fibonacci", "Khalid.Fibonacci\Khalid.Fibonacci.csproj", "{9C37BB7B-AFDE-4714-9A2D-27A2069FBC8C}"
EndProject
Project("{FAE04EC0-301F-11D3-BF4B-00C04F79EFBC}") = "Khalid.Fibonacci.Tests", "Khalid.Fibonacci.Tests\Khalid.Fibonacci.Tests.csproj", "{3E765A74-C5AF-4551-B3B9-53CAD1B3732E}"
EndProject
Global
	GlobalSection(SolutionConfigurationPlatforms) = preSolution
		Debug|Any CPU = Debug|Any CPU
		Release|Any CPU = Release|Any CPU
	EndGlobalSection
	GlobalSection(ProjectConfigurationPlatforms) = postSolution
		{9C37BB7B-AFDE-4714-9A2D-27A2069FBC8C}.Debug|Any CPU.ActiveCfg = Debug|Any CPU
		{9C37BB7B-AFDE-4714-9A2D-27A2069FBC8C}.Debug|Any CPU.Build.0 = Debug|Any CPU
		{9C37BB7B-AFDE-4714-9A2D-27A2069FBC8C}.Release|Any CPU.ActiveCfg = Release|Any CPU
		{9C37BB7B-AFDE-4714-9A2D-27A2069FBC8C}.Release|Any CPU.Build.0 = Release|Any CPU
		{3E765A74-C5AF-4551-B3B9-53CAD1B3732E}.Debug|Any CPU.ActiveCfg = Debug|Any CPU
		{3E765A74-C5AF-4551-B3B9-53CAD1B3732E}.Debug|Any CPU.Build.0 = Debug|Any CPU
		{3E765A74-C5AF-4551-B3B9-53CAD1B3732E}.Release|Any CPU.ActiveCfg = Release|Any CPU
		{3E765A74-C5AF-4551-B3B9-53CAD1B3732E}.Release|Any CPU.Build.0 = Release|Any CPU
	EndGlobalSection
EndGlobal
